{
  "name": "imguicanvas",
  "version": "0.0.2",
  "lockfileVersion": 1,
  "requires": true,
  "dependencies": {
    "esbuild": {
      "version": "0.4.3",
      "resolved": "https://registry.npmjs.org/esbuild/-/esbuild-0.4.3.tgz",
      "integrity": "sha512-LKCkYlFZMDsUcUx1r5jmnTrtufBsgCvhtdAk0530RLO83PJo2ke2z/FybFCAzm2LGIpL+Sinhg4nUOA3BSpHjg==",
      "dev": true
    },
    "prettier": {
      "version": "2.0.5",
      "resolved": "https://registry.npmjs.org/prettier/-/prettier-2.0.5.tgz",
      "integrity": "sha512-7PtVymN48hGcO4fGjybyBSIWDsLU4H4XlvOHfq91pz9kkGlonzwTfYkaIEwiRg/dAJF9YlbsduBAgtYLi+8cFg==",
      "dev": true
    }
  }
}
